
Microsoft Visual Studio Solution File, Format Version 12.00
# Visual Studio Version 17
VisualStudioVersion = 17.9.34310.174
MinimumVisualStudioVersion = 10.0.40219.1
Project("{FAE04EC0-301F-11D3-BF4B-00C04F79EFBC}") = "GenericDemo", "GenericDemo\GenericDemo.csproj", "{0F0685CF-A4CE-4979-A74C-A3C315704ACE}"
EndProject
Global
	GlobalSection(SolutionConfigurationPlatforms) = preSolution
		Debug|Any CPU = Debug|Any CPU
		Release|Any CPU = Release|Any CPU
	EndGlobalSection
	GlobalSection(ProjectConfigurationPlatforms) = postSolution
		{0F0685CF-A4CE-4979-A74C-A3C315704ACE}.Debug|Any CPU.ActiveCfg = Debug|Any CPU
		{0F0685CF-A4CE-4979-A74C-A3C315704ACE}.Debug|Any CPU.Build.0 = Debug|Any CPU
		{0F0685CF-A4CE-4979-A74C-A3C315704ACE}.Release|Any CPU.ActiveCfg = Release|Any CPU
		{0F0685CF-A4CE-4979-A74C-A3C315704ACE}.Release|Any CPU.Build.0 = Release|Any CPU
	EndGlobalSection
	GlobalSection(SolutionProperties) = preSolution
		HideSolutionNode = FALSE
	EndGlobalSection
	GlobalSection(ExtensibilityGlobals) = postSolution
		SolutionGuid = {8D0B2B28-9D8A-46C1-A1A4-577ECBACC092}
	EndGlobalSection
EndGlobal
